
Microsoft Visual Studio Solution File, Format Version 12.00
# Visual Studio 2013
VisualStudioVersion = 12.0.31101.0
MinimumVisualStudioVersion = 10.0.40219.1
Project("{FAE04EC0-301F-11D3-BF4B-00C04F79EFBC}") = "testGit3.1", "testGit3.1.csproj", "{906595AA-B0A9-43C3-8018-B59C8E07E819}"
EndProject
Global
	GlobalSection(SolutionConfigurationPlatforms) = preSolution
		Debug|Any CPU = Debug|Any CPU
		Release|Any CPU = Release|Any CPU
	EndGlobalSection
	GlobalSection(ProjectConfigurationPlatforms) = postSolution
		{906595AA-B0A9-43C3-8018-B59C8E07E819}.Debug|Any CPU.ActiveCfg = Debug|Any CPU
		{906595AA-B0A9-43C3-8018-B59C8E07E819}.Debug|Any CPU.Build.0 = Debug|Any CPU
		{906595AA-B0A9-43C3-8018-B59C8E07E819}.Release|Any CPU.ActiveCfg = Release|Any CPU
		{906595AA-B0A9-43C3-8018-B59C8E07E819}.Release|Any CPU.Build.0 = Release|Any CPU
	EndGlobalSection
	GlobalSection(SolutionProperties) = preSolution
		HideSolutionNode = FALSE
	EndGlobalSection
EndGlobal
